github.com/BurntSushi/toml v1.1.0 h1:ksErzDEI1khOiGPgpwuI7x2ebx/uXQNw7xJpn9Eq1+I=
github.com/BurntSushi/toml v1.1.0/go.mod h1:CxXYINrC8qIiEnFrOxCa7Jy5BFHlXnUU2pbicEuybxQ=
github.com/golang/glog v1.0.0 h1:nfP3RFugxnNRyKgeWd4oI1nYvXpxrx8ck8ZrcizshdQ=
github.com/golang/glog v1.0.0/go.mod h1:EWib/APOK0SL3dFbYqvxE3UYd8E6s1ouQ7iEp/0LWV4=
github.com/iomatters/config v0.0.0-20220503163042-bd1f9427e9db h1:rffV7OtGNwUuUTJZtXTKDY+Sm0PqeoQxJqsC+yfJGuc=
github.com/iomatters/config v0.0.0-20220503163042-bd1f9427e9db/go.mod h1:HrKzRn7+B9tDFdMZ0u50nz7xjNgREf4ywbVU+Sc2OPU=
github.com/iomatters/db v0.0.0-20220503161305-546086adfb32 h1:QOsDihqThl/g5+GQwoJvaTnt6v8FD9J/dB3nXySAgEc=
github.com/iomatters/db v0.0.0-20220503161305-546086adfb32/go.mod h1:ud3tBAo3juI+aPHLCCp3y3/M4qtQ3fpiD7fBAG1TYXU=
github.com/iomatters/provider v0.0.0-20220503161355-660e7c9007ba h1:ZyfkVllzqe8nCIbhDlMch7ZZ+w4oL8+zdU0SPZ2LcZk=
github.com/iomatters/provider v0.0.0-20220503161355-660e7c9007ba/go.mod h1:YoZyN33lnbXo6ks3rymb31ET09c0Q57RmDu7ZK1Dwl0=
github.com/lib/pq v1.10.5 h1:J+gdV2cUmX7ZqL2B0lFcW0m+egaHC2V3lpO8nWxyYiQ=
github.com/lib/pq v1.10.5/go.mod h1:AlVN5x4E4T544tWzH6hKfbfQvm3HdbOxrmggDNAPY9o=
github.com/spf13/pflag v1.0.5 h1:iy+VFUOCP1a+8yFto/drg2CJ5u0yRoB7fZw3DKv/JXA=
github.com/spf13/pflag v1.0.5/go.mod h1:McXfInJRrz4CZXVZOBLb0bTZqETkiAhM9Iw0y3An2Bg=
